
Microsoft Visual Studio Solution File, Format Version 12.00
# Visual Studio 15
VisualStudioVersion = 15.0.27428.2015
MinimumVisualStudioVersion = 10.0.40219.1
Project("{FAE04EC0-301F-11D3-BF4B-00C04F79EFBC}") = "RabbitMqDemo", "RabbitMqDemo\RabbitMqDemo.csproj", "{D664E8DF-B7EA-4F2F-A83B-D9196055167A}"
EndProject
Project("{FAE04EC0-301F-11D3-BF4B-00C04F79EFBC}") = "Sender", "Sender\Sender.csproj", "{C364AA19-4BA0-470B-91E4-0651B55EC623}"
EndProject
Project("{FAE04EC0-301F-11D3-BF4B-00C04F79EFBC}") = "Receiver", "Receiver\Receiver.csproj", "{234B0FDE-E8CC-4BE3-B750-D4504B8848D0}"
EndProject
Global
	GlobalSection(SolutionConfigurationPlatforms) = preSolution
		Debug|Any CPU = Debug|Any CPU
		Release|Any CPU = Release|Any CPU
	EndGlobalSection
	GlobalSection(ProjectConfigurationPlatforms) = postSolution
		{D664E8DF-B7EA-4F2F-A83B-D9196055167A}.Debug|Any CPU.ActiveCfg = Debug|Any CPU
		{D664E8DF-B7EA-4F2F-A83B-D9196055167A}.Debug|Any CPU.Build.0 = Debug|Any CPU
		{D664E8DF-B7EA-4F2F-A83B-D9196055167A}.Release|Any CPU.ActiveCfg = Release|Any CPU
		{D664E8DF-B7EA-4F2F-A83B-D9196055167A}.Release|Any CPU.Build.0 = Release|Any CPU
		{C364AA19-4BA0-470B-91E4-0651B55EC623}.Debug|Any CPU.ActiveCfg = Debug|Any CPU
		{C364AA19-4BA0-470B-91E4-0651B55EC623}.Debug|Any CPU.Build.0 = Debug|Any CPU
		{C364AA19-4BA0-470B-91E4-0651B55EC623}.Release|Any CPU.ActiveCfg = Release|Any CPU
		{C364AA19-4BA0-470B-91E4-0651B55EC623}.Release|Any CPU.Build.0 = Release|Any CPU
		{234B0FDE-E8CC-4BE3-B750-D4504B8848D0}.Debug|Any CPU.ActiveCfg = Debug|Any CPU
		{234B0FDE-E8CC-4BE3-B750-D4504B8848D0}.Debug|Any CPU.Build.0 = Debug|Any CPU
		{234B0FDE-E8CC-4BE3-B750-D4504B8848D0}.Release|Any CPU.ActiveCfg = Release|Any CPU
		{234B0FDE-E8CC-4BE3-B750-D4504B8848D0}.Release|Any CPU.Build.0 = Release|Any CPU
	EndGlobalSection
	GlobalSection(SolutionProperties) = preSolution
		HideSolutionNode = FALSE
	EndGlobalSection
	GlobalSection(ExtensibilityGlobals) = postSolution
		SolutionGuid = {532B8B3A-064B-4D94-B48D-FE28A73DEE25}
	EndGlobalSection
EndGlobal
